
Microsoft Visual Studio Solution File, Format Version 12.00
# Visual Studio Version 16
VisualStudioVersion = 16.0.30907.101
MinimumVisualStudioVersion = 10.0.40219.1
Project("{FAE04EC0-301F-11D3-BF4B-00C04F79EFBC}") = "Entities", "Entities\Entities.csproj", "{B7248FE9-2462-44A8-9295-69FC46174FB2}"
EndProject
Project("{FAE04EC0-301F-11D3-BF4B-00C04F79EFBC}") = "DataAccess", "DataAccess\DataAccess.csproj", "{01E912D6-7C71-49A2-AE1C-A08529C660ED}"
EndProject
Project("{FAE04EC0-301F-11D3-BF4B-00C04F79EFBC}") = "Business", "Business\Business.csproj", "{069800C2-7685-48C3-86C2-B57E0351C3C4}"
EndProject
Project("{FAE04EC0-301F-11D3-BF4B-00C04F79EFBC}") = "ConsoleUI", "ConsoleUİ\ConsoleUI.csproj", "{400C140B-73FA-4C4E-B83C-7F496A1B56D6}"
EndProject
Global
	GlobalSection(SolutionConfigurationPlatforms) = preSolution
		Debug|Any CPU = Debug|Any CPU
		Release|Any CPU = Release|Any CPU
	EndGlobalSection
	GlobalSection(ProjectConfigurationPlatforms) = postSolution
		{B7248FE9-2462-44A8-9295-69FC46174FB2}.Debug|Any CPU.ActiveCfg = Debug|Any CPU
		{B7248FE9-2462-44A8-9295-69FC46174FB2}.Debug|Any CPU.Build.0 = Debug|Any CPU
		{B7248FE9-2462-44A8-9295-69FC46174FB2}.Release|Any CPU.ActiveCfg = Release|Any CPU
		{B7248FE9-2462-44A8-9295-69FC46174FB2}.Release|Any CPU.Build.0 = Release|Any CPU
		{01E912D6-7C71-49A2-AE1C-A08529C660ED}.Debug|Any CPU.ActiveCfg = Debug|Any CPU
		{01E912D6-7C71-49A2-AE1C-A08529C660ED}.Debug|Any CPU.Build.0 = Debug|Any CPU
		{01E912D6-7C71-49A2-AE1C-A08529C660ED}.Release|Any CPU.ActiveCfg = Release|Any CPU
		{01E912D6-7C71-49A2-AE1C-A08529C660ED}.Release|Any CPU.Build.0 = Release|Any CPU
		{069800C2-7685-48C3-86C2-B57E0351C3C4}.Debug|Any CPU.ActiveCfg = Debug|Any CPU
		{069800C2-7685-48C3-86C2-B57E0351C3C4}.Debug|Any CPU.Build.0 = Debug|Any CPU
		{069800C2-7685-48C3-86C2-B57E0351C3C4}.Release|Any CPU.ActiveCfg = Release|Any CPU
		{069800C2-7685-48C3-86C2-B57E0351C3C4}.Release|Any CPU.Build.0 = Release|Any CPU
		{400C140B-73FA-4C4E-B83C-7F496A1B56D6}.Debug|Any CPU.ActiveCfg = Debug|Any CPU
		{400C140B-73FA-4C4E-B83C-7F496A1B56D6}.Debug|Any CPU.Build.0 = Debug|Any CPU
		{400C140B-73FA-4C4E-B83C-7F496A1B56D6}.Release|Any CPU.ActiveCfg = Release|Any CPU
		{400C140B-73FA-4C4E-B83C-7F496A1B56D6}.Release|Any CPU.Build.0 = Release|Any CPU
	EndGlobalSection
	GlobalSection(SolutionProperties) = preSolution
		HideSolutionNode = FALSE
	EndGlobalSection
	GlobalSection(ExtensibilityGlobals) = postSolution
		SolutionGuid = {299B08C5-AC62-4969-963C-FD1E2929B250}
	EndGlobalSection
EndGlobal
